GEM
  remote: https://rubygems.org/
  specs:
    daedalus-core (0.5.0)
    rake (10.5.0)
    redcard (1.1.0)
    rubinius-ast (2.3.2)
    rubinius-bridge (1.1.0)
      redcard (~> 1.0)
    rubinius-build_tools (2.0.0)
      rubinius-ast (~> 2.0)
      rubinius-compiler (~> 2.0)
      rubinius-melbourne (~> 2.0)
      rubinius-processor (~> 2.0)
      rubinius-toolset (~> 2.0)
    rubinius-compiler (2.3.1)
    rubinius-melbourne (2.3.1.0)
    rubinius-processor (2.3.0)
    rubinius-toolset (2.3.1)

PLATFORMS
  ruby

DEPENDENCIES
  daedalus-core (~> 0.1)
  rake (~> 10.0)
  redcard (~> 1.0)
  rubinius-bridge (~> 1.0)
  rubinius-build_tools (~> 2.0)

BUNDLED WITH
   1.11.2
