---
mnemonic: create_block
operation: >-

format: create_block <arg1>
opcode: 87
stack_before:
  - <consumed>
  - ...
stack_after:
  - <produced>
  - ...
description: >-

source: |-
    next_int;
    t1 = stack_pop();
    t2 = stack_pop();
    if(_int == 255) {
      t5 = stack_pop();
    } else {
      assert(0 && "old-style block!!");
    }
    
    t4 = c->active_context;

    t3 = Qnil;
    if(blokctx_s_block_context_p(state, t4)) {
      t3 = blokctx_home(state, t4);
    } else {
      t3 = t4;
    }
    
    methctx_reference(state, t4);
    methctx_reference(state, t3);
    
    cpu_flush_sp(c);
    cpu_flush_ip(c);
    j = c->ip + BS_JUMP;
    t2 = blokenv_s_under_context(state, t3, t4, j, t1, t2, t5);
    stack_push(t2);
