---
mnemonic: send_stack_with_block
operation: >-

format: send_stack_with_block <arg1><arg1> <arg2>
opcode: 42
stack_before:
  - <consumed>
  - ...
stack_after:
  - <produced>
  - ...
description: >-

source: |-
    next_literal;
    t1 = stack_pop();
    t2 = stack_pop();
    next_int;
    j = _int;
    
    goto perform_send;
    // cpu_unified_send(state, c, t1, j, _int, t2);
